{
  "name": "coding-joyfully",
  "version": "1.0.0",
  "lockfileVersion": 1,
  "requires": true,
  "dependencies": {
    "booklisp": {
      "version": "1.7.2",
      "resolved": "https://registry.npmjs.org/booklisp/-/booklisp-1.7.2.tgz",
      "integrity": "sha512-+knpwGdYF9JI7e3E0e7m6u2heAuJUGkafC+ToKW68Vl7Y8br8nXLXvEWuH67YTLj7k+3FnAAJjXBs/M+xdtaqg==",
      "requires": {
        "dject": "1.10.0"
      }
    },
    "dject": {
      "version": "1.10.0",
      "resolved": "https://registry.npmjs.org/dject/-/dject-1.10.0.tgz",
      "integrity": "sha512-9myi+JD+zxirGl1Fs5lladXx+ZmYMqRhyvGUSQ5FjeA3KMXPswq5yHWofPDRPIRZ4u6GUR6Ove7chIGp3uQdng==",
      "requires": {
        "dject-core": "1.1.0"
      }
    },
    "dject-core": {
      "version": "1.1.0",
      "resolved": "https://registry.npmjs.org/dject-core/-/dject-core-1.1.0.tgz",
      "integrity": "sha512-rAYh3P74d8tODYM72MNXpFIGfjm1FulRqTUGijzxh6waMfztq4unyNKRyhM1WNDqvRwhNj63Q1FnqEGjLkZVTQ=="
    }
  }
}
